
Microsoft Visual Studio Solution File, Format Version 12.00
# Visual Studio Version 17
VisualStudioVersion = 17.8.34330.188
MinimumVisualStudioVersion = 10.0.40219.1
Project("{FAE04EC0-301F-11D3-BF4B-00C04F79EFBC}") = "ASPNET_Sample", "ASPNET_Sample\ASPNET_Sample.csproj", "{F4EB0BDD-884D-4353-B488-E27A7B5CFA8D}"
EndProject
Global
	GlobalSection(SolutionConfigurationPlatforms) = preSolution
		Debug|Any CPU = Debug|Any CPU
		Release|Any CPU = Release|Any CPU
	EndGlobalSection
	GlobalSection(ProjectConfigurationPlatforms) = postSolution
		{F4EB0BDD-884D-4353-B488-E27A7B5CFA8D}.Debug|Any CPU.ActiveCfg = Debug|Any CPU
		{F4EB0BDD-884D-4353-B488-E27A7B5CFA8D}.Debug|Any CPU.Build.0 = Debug|Any CPU
		{F4EB0BDD-884D-4353-B488-E27A7B5CFA8D}.Release|Any CPU.ActiveCfg = Release|Any CPU
		{F4EB0BDD-884D-4353-B488-E27A7B5CFA8D}.Release|Any CPU.Build.0 = Release|Any CPU
	EndGlobalSection
	GlobalSection(SolutionProperties) = preSolution
		HideSolutionNode = FALSE
	EndGlobalSection
	GlobalSection(ExtensibilityGlobals) = postSolution
		SolutionGuid = {0FE21CC0-9C37-441D-8D86-27DCEBDC3F86}
	EndGlobalSection
EndGlobal
